# THIS IS AN AUTOGENERATED FILE. DO NOT EDIT THIS FILE DIRECTLY.
# yarn lockfile v1


"@bower_components/angular-resource@angular/bower-angular-resource#~1.4.1":
  version "1.4.14"
  resolved "https://codeload.github.com/angular/bower-angular-resource/tar.gz/65c13df9323a5df5783fd9b2738172f04578dc6c"

"@bower_components/angular-route@angular/bower-angular-route#~1.4.1":
  version "1.4.14"
  resolved "https://codeload.github.com/angular/bower-angular-route/tar.gz/785dd6ff64784a33840ab4535503f3f576e78751"

"@bower_components/angular@angular/bower-angular#1.4.14":
  version "1.4.14"
  resolved "https://codeload.github.com/angular/bower-angular/tar.gz/63133dadd7831af4226b7ceaf8be8b68a7e284d9"

"@bower_components/jquery@jquery/jquery-dist#~2":
  version "2.2.4"
  resolved "https://codeload.github.com/jquery/jquery-dist/tar.gz/c0185ab7c75aab88762c5aae780b9d83b80eda72"

"@bower_components/lightbox2@lokesh/lightbox2#~2.8.1":
  version "2.8.2"
  resolved "https://codeload.github.com/lokesh/lightbox2/tar.gz/2eedbf5c740e530e7abc78db6cf0ecec408f6512"
